
Microsoft Visual Studio Solution File, Format Version 12.00
# Visual Studio Version 16
VisualStudioVersion = 16.0.30717.126
MinimumVisualStudioVersion = 10.0.40219.1
Project("{8BC9CEB8-8B4A-11D0-8D11-00A0C91BC942}") = "STL Queue Integer Radix Sort", "STL Queue Integer Radix Sort.vcxproj", "{5C3F3750-421F-440A-A3F8-CE0E64EAD8FB}"
EndProject
Global
	GlobalSection(SolutionConfigurationPlatforms) = preSolution
		Debug|x64 = Debug|x64
		Debug|x86 = Debug|x86
		Release|x64 = Release|x64
		Release|x86 = Release|x86
	EndGlobalSection
	GlobalSection(ProjectConfigurationPlatforms) = postSolution
		{5C3F3750-421F-440A-A3F8-CE0E64EAD8FB}.Debug|x64.ActiveCfg = Debug|x64
		{5C3F3750-421F-440A-A3F8-CE0E64EAD8FB}.Debug|x64.Build.0 = Debug|x64
		{5C3F3750-421F-440A-A3F8-CE0E64EAD8FB}.Debug|x86.ActiveCfg = Debug|Win32
		{5C3F3750-421F-440A-A3F8-CE0E64EAD8FB}.Debug|x86.Build.0 = Debug|Win32
		{5C3F3750-421F-440A-A3F8-CE0E64EAD8FB}.Release|x64.ActiveCfg = Release|x64
		{5C3F3750-421F-440A-A3F8-CE0E64EAD8FB}.Release|x64.Build.0 = Release|x64
		{5C3F3750-421F-440A-A3F8-CE0E64EAD8FB}.Release|x86.ActiveCfg = Release|Win32
		{5C3F3750-421F-440A-A3F8-CE0E64EAD8FB}.Release|x86.Build.0 = Release|Win32
	EndGlobalSection
	GlobalSection(SolutionProperties) = preSolution
		HideSolutionNode = FALSE
	EndGlobalSection
	GlobalSection(ExtensibilityGlobals) = postSolution
		SolutionGuid = {7C8A984C-5E07-487B-AF11-9E689A6649B1}
	EndGlobalSection
EndGlobal
